
Microsoft Visual Studio Solution File, Format Version 12.00
# Visual Studio Version 16
VisualStudioVersion = 16.0.33214.272
MinimumVisualStudioVersion = 10.0.40219.1
Project("{FAE04EC0-301F-11D3-BF4B-00C04F79EFBC}") = "WorkLink", "WorkLink\WorkLink.csproj", "{46655298-E27D-472C-838E-75D3B26566F7}"
EndProject
Project("{FAE04EC0-301F-11D3-BF4B-00C04F79EFBC}") = "WindowsFormsApp", "WindowsFormsApp\WindowsFormsApp.csproj", "{A13700E7-3DE6-4D6D-993B-EE0E55759C3C}"
EndProject
Project("{FAE04EC0-301F-11D3-BF4B-00C04F79EFBC}") = "WindowsFormsApp1", "WindowsFormsApp1\WindowsFormsApp1.csproj", "{43B0C174-41CB-409F-B242-7821383ED6EF}"
EndProject
Global
	GlobalSection(SolutionConfigurationPlatforms) = preSolution
		Debug|Any CPU = Debug|Any CPU
		Release|Any CPU = Release|Any CPU
	EndGlobalSection
	GlobalSection(ProjectConfigurationPlatforms) = postSolution
		{46655298-E27D-472C-838E-75D3B26566F7}.Debug|Any CPU.ActiveCfg = Debug|Any CPU
		{46655298-E27D-472C-838E-75D3B26566F7}.Debug|Any CPU.Build.0 = Debug|Any CPU
		{46655298-E27D-472C-838E-75D3B26566F7}.Release|Any CPU.ActiveCfg = Release|Any CPU
		{46655298-E27D-472C-838E-75D3B26566F7}.Release|Any CPU.Build.0 = Release|Any CPU
		{A13700E7-3DE6-4D6D-993B-EE0E55759C3C}.Debug|Any CPU.ActiveCfg = Debug|Any CPU
		{A13700E7-3DE6-4D6D-993B-EE0E55759C3C}.Debug|Any CPU.Build.0 = Debug|Any CPU
		{A13700E7-3DE6-4D6D-993B-EE0E55759C3C}.Release|Any CPU.ActiveCfg = Release|Any CPU
		{A13700E7-3DE6-4D6D-993B-EE0E55759C3C}.Release|Any CPU.Build.0 = Release|Any CPU
		{43B0C174-41CB-409F-B242-7821383ED6EF}.Debug|Any CPU.ActiveCfg = Debug|Any CPU
		{43B0C174-41CB-409F-B242-7821383ED6EF}.Debug|Any CPU.Build.0 = Debug|Any CPU
		{43B0C174-41CB-409F-B242-7821383ED6EF}.Release|Any CPU.ActiveCfg = Release|Any CPU
		{43B0C174-41CB-409F-B242-7821383ED6EF}.Release|Any CPU.Build.0 = Release|Any CPU
	EndGlobalSection
	GlobalSection(SolutionProperties) = preSolution
		HideSolutionNode = FALSE
	EndGlobalSection
	GlobalSection(ExtensibilityGlobals) = postSolution
		SolutionGuid = {6AEE1152-89FF-4CF4-8ADF-785AADE1C224}
	EndGlobalSection
EndGlobal
